
Microsoft Visual Studio Solution File, Format Version 12.00
# Visual Studio Version 17
VisualStudioVersion = 17.14.36212.18
MinimumVisualStudioVersion = 10.0.40219.1
Project("{8BC9CEB8-8B4A-11D0-8D11-00A0C91BC942}") = "cpp_classic_roguelike", "cpp_classic_roguelike\cpp_classic_roguelike.vcxproj", "{9CCB7F8B-9512-457D-AD26-764119176AF9}"
EndProject
Global
	GlobalSection(SolutionConfigurationPlatforms) = preSolution
		Debug (noconsole)|x64 = Debug (noconsole)|x64
		Debug (noconsole)|x86 = Debug (noconsole)|x86
		Debug|x64 = Debug|x64
		Debug|x86 = Debug|x86
		Release (noconsole)|x64 = Release (noconsole)|x64
		Release (noconsole)|x86 = Release (noconsole)|x86
		Release|x64 = Release|x64
		Release|x86 = Release|x86
	EndGlobalSection
	GlobalSection(ProjectConfigurationPlatforms) = postSolution
		{9CCB7F8B-9512-457D-AD26-764119176AF9}.Debug (noconsole)|x64.ActiveCfg = Debug (noconsole)|x64
		{9CCB7F8B-9512-457D-AD26-764119176AF9}.Debug (noconsole)|x64.Build.0 = Debug (noconsole)|x64
		{9CCB7F8B-9512-457D-AD26-764119176AF9}.Debug (noconsole)|x86.ActiveCfg = Debug (noconsole)|Win32
		{9CCB7F8B-9512-457D-AD26-764119176AF9}.Debug (noconsole)|x86.Build.0 = Debug (noconsole)|Win32
		{9CCB7F8B-9512-457D-AD26-764119176AF9}.Debug|x64.ActiveCfg = Debug|x64
		{9CCB7F8B-9512-457D-AD26-764119176AF9}.Debug|x64.Build.0 = Debug|x64
		{9CCB7F8B-9512-457D-AD26-764119176AF9}.Debug|x86.ActiveCfg = Debug|Win32
		{9CCB7F8B-9512-457D-AD26-764119176AF9}.Debug|x86.Build.0 = Debug|Win32
		{9CCB7F8B-9512-457D-AD26-764119176AF9}.Release (noconsole)|x64.ActiveCfg = Release (noconsole)|x64
		{9CCB7F8B-9512-457D-AD26-764119176AF9}.Release (noconsole)|x64.Build.0 = Release (noconsole)|x64
		{9CCB7F8B-9512-457D-AD26-764119176AF9}.Release (noconsole)|x86.ActiveCfg = Release (noconsole)|Win32
		{9CCB7F8B-9512-457D-AD26-764119176AF9}.Release (noconsole)|x86.Build.0 = Release (noconsole)|Win32
		{9CCB7F8B-9512-457D-AD26-764119176AF9}.Release|x64.ActiveCfg = Release|x64
		{9CCB7F8B-9512-457D-AD26-764119176AF9}.Release|x64.Build.0 = Release|x64
		{9CCB7F8B-9512-457D-AD26-764119176AF9}.Release|x86.ActiveCfg = Release|Win32
		{9CCB7F8B-9512-457D-AD26-764119176AF9}.Release|x86.Build.0 = Release|Win32
	EndGlobalSection
	GlobalSection(SolutionProperties) = preSolution
		HideSolutionNode = FALSE
	EndGlobalSection
	GlobalSection(ExtensibilityGlobals) = postSolution
		SolutionGuid = {372387F9-329A-41B9-AA0E-8B2F6120B09A}
	EndGlobalSection
EndGlobal
